// !$*UTF8*$!
{
	archiveVersion = 1;
	classes = {
	};
	objectVersion = 50;
	objects = {

/* Begin PBXBuildFile section */
		AD8FA817246B8C0100D607CA /* AppDelegate.swift in Sources */ = {isa = PBXBuildFile; fileRef = AD8FA816246B8C0100D607CA /* AppDelegate.swift */; };
		AD8FA819246B8C0100D607CA /* SceneDelegate.swift in Sources */ = {isa = PBXBuildFile; fileRef = AD8FA818246B8C0100D607CA /* SceneDelegate.swift */; };
		AD8FA81B246B8C0100D607CA /* ViewController.swift in Sources */ = {isa = PBXBuildFile; fileRef = AD8FA81A246B8C0100D607CA /* ViewController.swift */; };
		AD8FA81E246B8C0100D607CA /* Main.storyboard in Resources */ = {isa = PBXBuildFile; fileRef = AD8FA81C246B8C0100D607CA /* Main.storyboard */; };
		AD8FA820246B8C0600D607CA /* Assets.xcassets in Resources */ = {isa = PBXBuildFile; fileRef = AD8FA81F246B8C0600D607CA /* Assets.xcassets */; };
		AD8FA823246B8C0600D607CA /* LaunchScreen.storyboard in Resources */ = {isa = PBXBuildFile; fileRef = AD8FA821246B8C0600D607CA /* LaunchScreen.storyboard */; };
		AD8FA82E246B8C0600D607CA /* ParstagramTests.swift in Sources */ = {isa = PBXBuildFile; fileRef = AD8FA82D246B8C0600D607CA /* ParstagramTests.swift */; };
		AD8FA839246B8C0600D607CA /* ParstagramUITests.swift in Sources */ = {isa = PBXBuildFile; fileRef = AD8FA838246B8C0600D607CA /* ParstagramUITests.swift */; };
/* End PBXBuildFile section */

/* Begin PBXContainerItemProxy section */
		AD8FA82A246B8C0600D607CA /* PBXContainerItemProxy */ = {
			isa = PBXContainerItemProxy;
			containerPortal = AD8FA80B246B8C0100D607CA /* Project object */;
			proxyType = 1;
			remoteGlobalIDString = AD8FA812246B8C0100D607CA;
			remoteInfo = Parstagram;
		};
		AD8FA835246B8C0600D607CA /* PBXContainerItemProxy */ = {
			isa = PBXContainerItemProxy;
			containerPortal = AD8FA80B246B8C0100D607CA /* Project object */;
			proxyType = 1;
			remoteGlobalIDString = AD8FA812246B8C0100D607CA;
			remoteInfo = Parstagram;
		};
/* End PBXContainerItemProxy section */

/* Begin PBXFileReference section */
		AD8FA813246B8C0100D607CA /* Parstagram.app */ = {isa = PBXFileReference; explicitFileType = wrapper.application; includeInIndex = 0; path = Parstagram.app; sourceTree = BUILT_PRODUCTS_DIR; };
		AD8FA816246B8C0100D607CA /* AppDelegate.swift */ = {isa = PBXFileReference; lastKnownFileType = sourcecode.swift; path = AppDelegate.swift; sourceTree = "<group>"; };
		AD8FA818246B8C0100D607CA /* SceneDelegate.swift */ = {isa = PBXFileReference; lastKnownFileType = sourcecode.swift; path = SceneDelegate.swift; sourceTree = "<group>"; };
		AD8FA81A246B8C0100D607CA /* ViewController.swift */ = {isa = PBXFileReference; lastKnownFileType = sourcecode.swift; path = ViewController.swift; sourceTree = "<group>"; };
		AD8FA81D246B8C0100D607CA /* Base */ = {isa = PBXFileReference; lastKnownFileType = file.storyboard; name = Base; path = Base.lproj/Main.storyboard; sourceTree = "<group>"; };
		AD8FA81F246B8C0600D607CA /* Assets.xcassets */ = {isa = PBXFileReference; lastKnownFileType = folder.assetcatalog; path = Assets.xcassets; sourceTree = "<group>"; };
		AD8FA822246B8C0600D607CA /* Base */ = {isa = PBXFileReference; lastKnownFileType = file.storyboard; name = Base; path = Base.lproj/LaunchScreen.storyboard; sourceTree = "<group>"; };
		AD8FA824246B8C0600D607CA /* Info.plist */ = {isa = PBXFileReference; lastKnownFileType = text.plist.xml; path = Info.plist; sourceTree = "<group>"; };
		AD8FA829246B8C0600D607CA /* ParstagramTests.xctest */ = {isa = PBXFileReference; explicitFileType = wrapper.cfbundle; includeInIndex = 0; path = ParstagramTests.xctest; sourceTree = BUILT_PRODUCTS_DIR; };
		AD8FA82D246B8C0600D607CA /* ParstagramTests.swift */ = {isa = PBXFileReference; lastKnownFileType = sourcecode.swift; path = ParstagramTests.swift; sourceTree = "<group>"; };
		AD8FA82F246B8C0600D607CA /* Info.plist */ = {isa = PBXFileReference; lastKnownFileType = text.plist.xml; path = Info.plist; sourceTree = "<group>"; };
		AD8FA834246B8C0600D607CA /* ParstagramUITests.xctest */ = {isa = PBXFileReference; explicitFileType = wrapper.cfbundle; includeInIndex = 0; path = ParstagramUITests.xctest; sourceTree = BUILT_PRODUCTS_DIR; };
		AD8FA838246B8C0600D607CA /* ParstagramUITests.swift */ = {isa = PBXFileReference; lastKnownFileType = sourcecode.swift; path = ParstagramUITests.swift; sourceTree = "<group>"; };
		AD8FA83A246B8C0600D607CA /* Info.plist */ = {isa = PBXFileReference; lastKnownFileType = text.plist.xml; path = Info.plist; sourceTree = "<group>"; };
/* End PBXFileReference section */

/* Begin PBXFrameworksBuildPhase section */
		AD8FA810246B8C0100D607CA /* Frameworks */ = {
			isa = PBXFrameworksBuildPhase;
			buildActionMask = 2147483647;
			files = (
			);
			runOnlyForDeploymentPostprocessing = 0;
		};
		AD8FA826246B8C0600D607CA /* Frameworks */ = {
			isa = PBXFrameworksBuildPhase;
			buildActionMask = 2147483647;
			files = (
			);
			runOnlyForDeploymentPostprocessing = 0;
		};
		AD8FA831246B8C0600D607CA /* Frameworks */ = {
			isa = PBXFrameworksBuildPhase;
			buildActionMask = 2147483647;
			files = (
			);
			runOnlyForDeploymentPostprocessing = 0;
		};
/* End PBXFrameworksBuildPhase section */

/* Begin PBXGroup section */
		AD8FA80A246B8C0100D607CA = {
			isa = PBXGroup;
			children = (
				AD8FA815246B8C0100D607CA /* Parstagram */,
				AD8FA82C246B8C0600D607CA /* ParstagramTests */,
				AD8FA837246B8C0600D607CA /* ParstagramUITests */,
				AD8FA814246B8C0100D607CA /* Products */,
			);
			sourceTree = "<group>";
		};
		AD8FA814246B8C0100D607CA /* Products */ = {
			isa = PBXGroup;
			children = (
				AD8FA813246B8C0100D607CA /* Parstagram.app */,
				AD8FA829246B8C0600D607CA /* ParstagramTests.xctest */,
				AD8FA834246B8C0600D607CA /* ParstagramUITests.xctest */,
			);
			name = Products;
			sourceTree = "<group>";
		};
		AD8FA815246B8C0100D607CA /* Parstagram */ = {
			isa = PBXGroup;
			children = (
				AD8FA816246B8C0100D607CA /* AppDelegate.swift */,
				AD8FA818246B8C0100D607CA /* SceneDelegate.swift */,
				AD8FA81A246B8C0100D607CA /* ViewController.swift */,
				AD8FA81C246B8C0100D607CA /* Main.storyboard */,
				AD8FA81F246B8C0600D607CA /* Assets.xcassets */,
				AD8FA821246B8C0600D607CA /* LaunchScreen.storyboard */,
				AD8FA824246B8C0600D607CA /* Info.plist */,
			);
			path = Parstagram;
			sourceTree = "<group>";
		};
		AD8FA82C246B8C0600D607CA /* ParstagramTests */ = {
			isa = PBXGroup;
			children = (
				AD8FA82D246B8C0600D607CA /* ParstagramTests.swift */,
				AD8FA82F246B8C0600D607CA /* Info.plist */,
			);
			path = ParstagramTests;
			sourceTree = "<group>";
		};
		AD8FA837246B8C0600D607CA /* ParstagramUITests */ = {
			isa = PBXGroup;
			children = (
				AD8FA838246B8C0600D607CA /* ParstagramUITests.swift */,
				AD8FA83A246B8C0600D607CA /* Info.plist */,
			);
			path = ParstagramUITests;
			sourceTree = "<group>";
		};
/* End PBXGroup section */

/* Begin PBXNativeTarget section */
		AD8FA812246B8C0100D607CA /* Parstagram */ = {
			isa = PBXNativeTarget;
			buildConfigurationList = AD8FA83D246B8C0600D607CA /* Build configuration list for PBXNativeTarget "Parstagram" */;
			buildPhases = (
				AD8FA80F246B8C0100D607CA /* Sources */,
				AD8FA810246B8C0100D607CA /* Frameworks */,
				AD8FA811246B8C0100D607CA /* Resources */,
			);
			buildRules = (
			);
			dependencies = (
			);
			name = Parstagram;
			productName = Parstagram;
			productReference = AD8FA813246B8C0100D607CA /* Parstagram.app */;
			productType = "com.apple.product-type.application";
		};
		AD8FA828246B8C0600D607CA /* ParstagramTests */ = {
			isa = PBXNativeTarget;
			buildConfigurationList = AD8FA840246B8C0600D607CA /* Build configuration list for PBXNativeTarget "ParstagramTests" */;
			buildPhases = (
				AD8FA825246B8C0600D607CA /* Sources */,
				AD8FA826246B8C0600D607CA /* Frameworks */,
				AD8FA827246B8C0600D607CA /* Resources */,
			);
			buildRules = (
			);
			dependencies = (
				AD8FA82B246B8C0600D607CA /* PBXTargetDependency */,
			);
			name = ParstagramTests;
			productName = ParstagramTests;
			productReference = AD8FA829246B8C0600D607CA /* ParstagramTests.xctest */;
			productType = "com.apple.product-type.bundle.unit-test";
		};
		AD8FA833246B8C0600D607CA /* ParstagramUITests */ = {
			isa = PBXNativeTarget;
			buildConfigurationList = AD8FA843246B8C0600D607CA /* Build configuration list for PBXNativeTarget "ParstagramUITests" */;
			buildPhases = (
				AD8FA830246B8C0600D607CA /* Sources */,
				AD8FA831246B8C0600D607CA /* Frameworks */,
				AD8FA832246B8C0600D607CA /* Resources */,
			);
			buildRules = (
			);
			dependencies = (
				AD8FA836246B8C0600D607CA /* PBXTargetDependency */,
			);
			name = ParstagramUITests;
			productName = ParstagramUITests;
			productReference = AD8FA834246B8C0600D607CA /* ParstagramUITests.xctest */;
			productType = "com.apple.product-type.bundle.ui-testing";
		};
/* End PBXNativeTarget section */

/* Begin PBXProject section */
		AD8FA80B246B8C0100D607CA /* Project object */ = {
			isa = PBXProject;
			attributes = {
				LastSwiftUpdateCheck = 1130;
				LastUpgradeCheck = 1130;
				ORGANIZATIONNAME = "Kinjal Reetoo";
				TargetAttributes = {
					AD8FA812246B8C0100D607CA = {
						CreatedOnToolsVersion = 11.3.1;
					};
					AD8FA828246B8C0600D607CA = {
						CreatedOnToolsVersion = 11.3.1;
						TestTargetID = AD8FA812246B8C0100D607CA;
					};
					AD8FA833246B8C0600D607CA = {
						CreatedOnToolsVersion = 11.3.1;
						TestTargetID = AD8FA812246B8C0100D607CA;
					};
				};
			};
			buildConfigurationList = AD8FA80E246B8C0100D607CA /* Build configuration list for PBXProject "Parstagram" */;
			compatibilityVersion = "Xcode 9.3";
			developmentRegion = en;
			hasScannedForEncodings = 0;
			knownRegions = (
				en,
				Base,
			);
			mainGroup = AD8FA80A246B8C0100D607CA;
			productRefGroup = AD8FA814246B8C0100D607CA /* Products */;
			projectDirPath = "";
			projectRoot = "";
			targets = (
				AD8FA812246B8C0100D607CA /* Parstagram */,
				AD8FA828246B8C0600D607CA /* ParstagramTests */,
				AD8FA833246B8C0600D607CA /* ParstagramUITests */,
			);
		};
/* End PBXProject section */

/* Begin PBXResourcesBuildPhase section */
		AD8FA811246B8C0100D607CA /* Resources */ = {
			isa = PBXResourcesBuildPhase;
			buildActionMask = 2147483647;
			files = (
				AD8FA823246B8C0600D607CA /* LaunchScreen.storyboard in Resources */,
				AD8FA820246B8C0600D607CA /* Assets.xcassets in Resources */,
				AD8FA81E246B8C0100D607CA /* Main.storyboard in Resources */,
			);
			runOnlyForDeploymentPostprocessing = 0;
		};
		AD8FA827246B8C0600D607CA /* Resources */ = {
			isa = PBXResourcesBuildPhase;
			buildActionMask = 2147483647;
			files = (
			);
			runOnlyForDeploymentPostprocessing = 0;
		};
		AD8FA832246B8C0600D607CA /* Resources */ = {
			isa = PBXResourcesBuildPhase;
			buildActionMask = 2147483647;
			files = (
			);
			runOnlyForDeploymentPostprocessing = 0;
		};
/* End PBXResourcesBuildPhase section */

/* Begin PBXSourcesBuildPhase section */
		AD8FA80F246B8C0100D607CA /* Sources */ = {
			isa = PBXSourcesBuildPhase;
			buildActionMask = 2147483647;
			files = (
				AD8FA81B246B8C0100D607CA /* ViewController.swift in Sources */,
				AD8FA817246B8C0100D607CA /* AppDelegate.swift in Sources */,
				AD8FA819246B8C0100D607CA /* SceneDelegate.swift in Sources */,
			);
			runOnlyForDeploymentPostprocessing = 0;
		};
		AD8FA825246B8C0600D607CA /* Sources */ = {
			isa = PBXSourcesBuildPhase;
			buildActionMask = 2147483647;
			files = (
				AD8FA82E246B8C0600D607CA /* ParstagramTests.swift in Sources */,
			);
			runOnlyForDeploymentPostprocessing = 0;
		};
		AD8FA830246B8C0600D607CA /* Sources */ = {
			isa = PBXSourcesBuildPhase;
			buildActionMask = 2147483647;
			files = (
				AD8FA839246B8C0600D607CA /* ParstagramUITests.swift in Sources */,
			);
			runOnlyForDeploymentPostprocessing = 0;
		};
/* End PBXSourcesBuildPhase section */

/* Begin PBXTargetDependency section */
		AD8FA82B246B8C0600D607CA /* PBXTargetDependency */ = {
			isa = PBXTargetDependency;
			target = AD8FA812246B8C0100D607CA /* Parstagram */;
			targetProxy = AD8FA82A246B8C0600D607CA /* PBXContainerItemProxy */;
		};
		AD8FA836246B8C0600D607CA /* PBXTargetDependency */ = {
			isa = PBXTargetDependency;
			target = AD8FA812246B8C0100D607CA /* Parstagram */;
			targetProxy = AD8FA835246B8C0600D607CA /* PBXContainerItemProxy */;
		};
/* End PBXTargetDependency section */

/* Begin PBXVariantGroup section */
		AD8FA81C246B8C0100D607CA /* Main.storyboard */ = {
			isa = PBXVariantGroup;
			children = (
				AD8FA81D246B8C0100D607CA /* Base */,
			);
			name = Main.storyboard;
			sourceTree = "<group>";
		};
		AD8FA821246B8C0600D607CA /* LaunchScreen.storyboard */ = {
			isa = PBXVariantGroup;
			children = (
				AD8FA822246B8C0600D607CA /* Base */,
			);
			name = LaunchScreen.storyboard;
			sourceTree = "<group>";
		};
/* End PBXVariantGroup section */

/* Begin XCBuildConfiguration section */
		AD8FA83B246B8C0600D607CA /* Debug */ = {
			isa = XCBuildConfiguration;
			buildSettings = {
				ALWAYS_SEARCH_USER_PATHS = NO;
				CLANG_ANALYZER_NONNULL = YES;
				CLANG_ANALYZER_NUMBER_OBJECT_CONVERSION = YES_AGGRESSIVE;
				CLANG_CXX_LANGUAGE_STANDARD = "gnu++14";
				CLANG_CXX_LIBRARY = "libc++";
				CLANG_ENABLE_MODULES = YES;
				CLANG_ENABLE_OBJC_ARC = YES;
				CLANG_ENABLE_OBJC_WEAK = YES;
				CLANG_WARN_BLOCK_CAPTURE_AUTORELEASING = YES;
				CLANG_WARN_BOOL_CONVERSION = YES;
				CLANG_WARN_COMMA = YES;
				CLANG_WARN_CONSTANT_CONVERSION = YES;
				CLANG_WARN_DEPRECATED_OBJC_IMPLEMENTATIONS = YES;
				CLANG_WARN_DIRECT_OBJC_ISA_USAGE = YES_ERROR;
				CLANG_WARN_DOCUMENTATION_COMMENTS = YES;
				CLANG_WARN_EMPTY_BODY = YES;
				CLANG_WARN_ENUM_CONVERSION = YES;
				CLANG_WARN_INFINITE_RECURSION = YES;
				CLANG_WARN_INT_CONVERSION = YES;
				CLANG_WARN_NON_LITERAL_NULL_CONVERSION = YES;
				CLANG_WARN_OBJC_IMPLICIT_RETAIN_SELF = YES;
				CLANG_WARN_OBJC_LITERAL_CONVERSION = YES;
				CLANG_WARN_OBJC_ROOT_CLASS = YES_ERROR;
				CLANG_WARN_RANGE_LOOP_ANALYSIS = YES;
				CLANG_WARN_STRICT_PROTOTYPES = YES;
				CLANG_WARN_SUSPICIOUS_MOVE = YES;
				CLANG_WARN_UNGUARDED_AVAILABILITY = YES_AGGRESSIVE;
				CLANG_WARN_UNREACHABLE_CODE = YES;
				CLANG_WARN__DUPLICATE_METHOD_MATCH = YES;
				COPY_PHASE_STRIP = NO;
				DEBUG_INFORMATION_FORMAT = dwarf;
				ENABLE_STRICT_OBJC_MSGSEND = YES;
				ENABLE_TESTABILITY = YES;
				GCC_C_LANGUAGE_STANDARD = gnu11;
				GCC_DYNAMIC_NO_PIC = NO;
				GCC_NO_COMMON_BLOCKS = YES;
				GCC_OPTIMIZATION_LEVEL = 0;
				GCC_PREPROCESSOR_DEFINITIONS = (
					"DEBUG=1",
					"$(inherited)",
				);
				GCC_WARN_64_TO_32_BIT_CONVERSION = YES;
				GCC_WARN_ABOUT_RETURN_TYPE = YES_ERROR;
				GCC_WARN_UNDECLARED_SELECTOR = YES;
				GCC_WARN_UNINITIALIZED_AUTOS = YES_AGGRESSIVE;
				GCC_WARN_UNUSED_FUNCTION = YES;
				GCC_WARN_UNUSED_VARIABLE = YES;
				IPHONEOS_DEPLOYMENT_TARGET = 13.2;
				MTL_ENABLE_DEBUG_INFO = INCLUDE_SOURCE;
				MTL_FAST_MATH = YES;
				ONLY_ACTIVE_ARCH = YES;
				SDKROOT = iphoneos;
				SWIFT_ACTIVE_COMPILATION_CONDITIONS = DEBUG;
				SWIFT_OPTIMIZATION_LEVEL = "-Onone";
			};
			name = Debug;
		};
		AD8FA83C246B8C0600D607CA /* Release */ = {
			isa = XCBuildConfiguration;
			buildSettings = {
				ALWAYS_SEARCH_USER_PATHS = NO;
				CLANG_ANALYZER_NONNULL = YES;
				CLANG_ANALYZER_NUMBER_OBJECT_CONVERSION = YES_AGGRESSIVE;
				CLANG_CXX_LANGUAGE_STANDARD = "gnu++14";
				CLANG_CXX_LIBRARY = "libc++";
				CLANG_ENABLE_MODULES = YES;
				CLANG_ENABLE_OBJC_ARC = YES;
				CLANG_ENABLE_OBJC_WEAK = YES;
				CLANG_WARN_BLOCK_CAPTURE_AUTORELEASING = YES;
				CLANG_WARN_BOOL_CONVERSION = YES;
				CLANG_WARN_COMMA = YES;
				CLANG_WARN_CONSTANT_CONVERSION = YES;
				CLANG_WARN_DEPRECATED_OBJC_IMPLEMENTATIONS = YES;
				CLANG_WARN_DIRECT_OBJC_ISA_USAGE = YES_ERROR;
				CLANG_WARN_DOCUMENTATION_COMMENTS = YES;
				CLANG_WARN_EMPTY_BODY = YES;
				CLANG_WARN_ENUM_CONVERSION = YES;
				CLANG_WARN_INFINITE_RECURSION = YES;
				CLANG_WARN_INT_CONVERSION = YES;
				CLANG_WARN_NON_LITERAL_NULL_CONVERSION = YES;
				CLANG_WARN_OBJC_IMPLICIT_RETAIN_SELF = YES;
				CLANG_WARN_OBJC_LITERAL_CONVERSION = YES;
				CLANG_WARN_OBJC_ROOT_CLASS = YES_ERROR;
				CLANG_WARN_RANGE_LOOP_ANALYSIS = YES;
				CLANG_WARN_STRICT_PROTOTYPES = YES;
				CLANG_WARN_SUSPICIOUS_MOVE = YES;
				CLANG_WARN_UNGUARDED_AVAILABILITY = YES_AGGRESSIVE;
				CLANG_WARN_UNREACHABLE_CODE = YES;
				CLANG_WARN__DUPLICATE_METHOD_MATCH = YES;
				COPY_PHASE_STRIP = NO;
				DEBUG_INFORMATION_FORMAT = "dwarf-with-dsym";
				ENABLE_NS_ASSERTIONS = NO;
				ENABLE_STRICT_OBJC_MSGSEND = YES;
				GCC_C_LANGUAGE_STANDARD = gnu11;
				GCC_NO_COMMON_BLOCKS = YES;
				GCC_WARN_64_TO_32_BIT_CONVERSION = YES;
				GCC_WARN_ABOUT_RETURN_TYPE = YES_ERROR;
				GCC_WARN_UNDECLARED_SELECTOR = YES;
				GCC_WARN_UNINITIALIZED_AUTOS = YES_AGGRESSIVE;
				GCC_WARN_UNUSED_FUNCTION = YES;
				GCC_WARN_UNUSED_VARIABLE = YES;
				IPHONEOS_DEPLOYMENT_TARGET = 13.2;
				MTL_ENABLE_DEBUG_INFO = NO;
				MTL_FAST_MATH = YES;
				SDKROOT = iphoneos;
				SWIFT_COMPILATION_MODE = wholemodule;
				SWIFT_OPTIMIZATION_LEVEL = "-O";
				VALIDATE_PRODUCT = YES;
			};
			name = Release;
		};
		AD8FA83E246B8C0600D607CA /* Debug */ = {
			isa = XCBuildConfiguration;
			buildSettings = {
				ASSETCATALOG_COMPILER_APPICON_NAME = AppIcon;
				CODE_SIGN_STYLE = Automatic;
				DEVELOPMENT_TEAM = YMKHAFL395;
				INFOPLIST_FILE = Parstagram/Info.plist;
				LD_RUNPATH_SEARCH_PATHS = (
					"$(inherited)",
					"@executable_path/Frameworks",
				);
				PRODUCT_BUNDLE_IDENTIFIER = com.kinjalreetoo.Parstagram;
				PRODUCT_NAME = "$(TARGET_NAME)";
				SWIFT_VERSION = 5.0;
				TARGETED_DEVICE_FAMILY = "1,2";
			};
			name = Debug;
		};
		AD8FA83F246B8C0600D607CA /* Release */ = {
			isa = XCBuildConfiguration;
			buildSettings = {
				ASSETCATALOG_COMPILER_APPICON_NAME = AppIcon;
				CODE_SIGN_STYLE = Automatic;
				DEVELOPMENT_TEAM = YMKHAFL395;
				INFOPLIST_FILE = Parstagram/Info.plist;
				LD_RUNPATH_SEARCH_PATHS = (
					"$(inherited)",
					"@executable_path/Frameworks",
				);
				PRODUCT_BUNDLE_IDENTIFIER = com.kinjalreetoo.Parstagram;
				PRODUCT_NAME = "$(TARGET_NAME)";
				SWIFT_VERSION = 5.0;
				TARGETED_DEVICE_FAMILY = "1,2";
			};
			name = Release;
		};
		AD8FA841246B8C0600D607CA /* Debug */ = {
			isa = XCBuildConfiguration;
			buildSettings = {
				ALWAYS_EMBED_SWIFT_STANDARD_LIBRARIES = YES;
				BUNDLE_LOADER = "$(TEST_HOST)";
				CODE_SIGN_STYLE = Automatic;
				DEVELOPMENT_TEAM = YMKHAFL395;
				INFOPLIST_FILE = ParstagramTests/Info.plist;
				IPHONEOS_DEPLOYMENT_TARGET = 13.2;
				LD_RUNPATH_SEARCH_PATHS = (
					"$(inherited)",
					"@executable_path/Frameworks",
					"@loader_path/Frameworks",
				);
				PRODUCT_BUNDLE_IDENTIFIER = com.kinjalreetoo.ParstagramTests;
				PRODUCT_NAME = "$(TARGET_NAME)";
				SWIFT_VERSION = 5.0;
				TARGETED_DEVICE_FAMILY = "1,2";
				TEST_HOST = "$(BUILT_PRODUCTS_DIR)/Parstagram.app/Parstagram";
			};
			name = Debug;
		};
		AD8FA842246B8C0600D607CA /* Release */ = {
			isa = XCBuildConfiguration;
			buildSettings = {
				ALWAYS_EMBED_SWIFT_STANDARD_LIBRARIES = YES;
				BUNDLE_LOADER = "$(TEST_HOST)";
				CODE_SIGN_STYLE = Automatic;
				DEVELOPMENT_TEAM = YMKHAFL395;
				INFOPLIST_FILE = ParstagramTests/Info.plist;
				IPHONEOS_DEPLOYMENT_TARGET = 13.2;
				LD_RUNPATH_SEARCH_PATHS = (
					"$(inherited)",
					"@executable_path/Frameworks",
					"@loader_path/Frameworks",
				);
				PRODUCT_BUNDLE_IDENTIFIER = com.kinjalreetoo.ParstagramTests;
				PRODUCT_NAME = "$(TARGET_NAME)";
				SWIFT_VERSION = 5.0;
				TARGETED_DEVICE_FAMILY = "1,2";
				TEST_HOST = "$(BUILT_PRODUCTS_DIR)/Parstagram.app/Parstagram";
			};
			name = Release;
		};
		AD8FA844246B8C0600D607CA /* Debug */ = {
			isa = XCBuildConfiguration;
			buildSettings = {
				ALWAYS_EMBED_SWIFT_STANDARD_LIBRARIES = YES;
				CODE_SIGN_STYLE = Automatic;
				DEVELOPMENT_TEAM = YMKHAFL395;
				INFOPLIST_FILE = ParstagramUITests/Info.plist;
				LD_RUNPATH_SEARCH_PATHS = (
					"$(inherited)",
					"@executable_path/Frameworks",
					"@loader_path/Frameworks",
				);
				PRODUCT_BUNDLE_IDENTIFIER = com.kinjalreetoo.ParstagramUITests;
				PRODUCT_NAME = "$(TARGET_NAME)";
				SWIFT_VERSION = 5.0;
				TARGETED_DEVICE_FAMILY = "1,2";
				TEST_TARGET_NAME = Parstagram;
			};
			name = Debug;
		};
		AD8FA845246B8C0600D607CA /* Release */ = {
			isa = XCBuildConfiguration;
			buildSettings = {
				ALWAYS_EMBED_SWIFT_STANDARD_LIBRARIES = YES;
				CODE_SIGN_STYLE = Automatic;
				DEVELOPMENT_TEAM = YMKHAFL395;
				INFOPLIST_FILE = ParstagramUITests/Info.plist;
				LD_RUNPATH_SEARCH_PATHS = (
					"$(inherited)",
					"@executable_path/Frameworks",
					"@loader_path/Frameworks",
				);
				PRODUCT_BUNDLE_IDENTIFIER = com.kinjalreetoo.ParstagramUITests;
				PRODUCT_NAME = "$(TARGET_NAME)";
				SWIFT_VERSION = 5.0;
				TARGETED_DEVICE_FAMILY = "1,2";
				TEST_TARGET_NAME = Parstagram;
			};
			name = Release;
		};
/* End XCBuildConfiguration section */

/* Begin XCConfigurationList section */
		AD8FA80E246B8C0100D607CA /* Build configuration list for PBXProject "Parstagram" */ = {
			isa = XCConfigurationList;
			buildConfigurations = (
				AD8FA83B246B8C0600D607CA /* Debug */,
				AD8FA83C246B8C0600D607CA /* Release */,
			);
			defaultConfigurationIsVisible = 0;
			defaultConfigurationName = Release;
		};
		AD8FA83D246B8C0600D607CA /* Build configuration list for PBXNativeTarget "Parstagram" */ = {
			isa = XCConfigurationList;
			buildConfigurations = (
				AD8FA83E246B8C0600D607CA /* Debug */,
				AD8FA83F246B8C0600D607CA /* Release */,
			);
			defaultConfigurationIsVisible = 0;
			defaultConfigurationName = Release;
		};
		AD8FA840246B8C0600D607CA /* Build configuration list for PBXNativeTarget "ParstagramTests" */ = {
			isa = XCConfigurationList;
			buildConfigurations = (
				AD8FA841246B8C0600D607CA /* Debug */,
				AD8FA842246B8C0600D607CA /* Release */,
			);
			defaultConfigurationIsVisible = 0;
			defaultConfigurationName = Release;
		};
		AD8FA843246B8C0600D607CA /* Build configuration list for PBXNativeTarget "ParstagramUITests" */ = {
			isa = XCConfigurationList;
			buildConfigurations = (
				AD8FA844246B8C0600D607CA /* Debug */,
				AD8FA845246B8C0600D607CA /* Release */,
			);
			defaultConfigurationIsVisible = 0;
			defaultConfigurationName = Release;
		};
/* End XCConfigurationList section */
	};
	rootObject = AD8FA80B246B8C0100D607CA /* Project object */;
}
